Microsoft Visual Studio Solution File, Format Version 12.00
# Visual Studio Version 17
VisualStudioVersion = 17.5.2.0
MinimumVisualStudioVersion = 10.0.40219.1
Project("{2150E333-8FDC-42A3-9474-1A3956D46DE8}") = "confluence-lite-api", "confluence-lite-api", "{6C73FEB4-E535-71E5-6986-7B701D6B7B03}"
EndProject
Project("{FAE04EC0-301F-11D3-BF4B-00C04F79EFBC}") = "ConfluenceLite.Api", "confluence-lite-api\ConfluenceLite.Api\ConfluenceLite.Api.csproj", "{BB0C8A39-0297-283E-4DA7-5A6041CFEA57}"
EndProject
Global
	GlobalSection(SolutionConfigurationPlatforms) = preSolution
		Debug|Any CPU = Debug|Any CPU
		Release|Any CPU = Release|Any CPU
	EndGlobalSection
	GlobalSection(ProjectConfigurationPlatforms) = postSolution
		{BB0C8A39-0297-283E-4DA7-5A6041CFEA57}.Debug|Any CPU.ActiveCfg = Debug|Any CPU
		{BB0C8A39-0297-283E-4DA7-5A6041CFEA57}.Debug|Any CPU.Build.0 = Debug|Any CPU
		{BB0C8A39-0297-283E-4DA7-5A6041CFEA57}.Release|Any CPU.ActiveCfg = Release|Any CPU
		{BB0C8A39-0297-283E-4DA7-5A6041CFEA57}.Release|Any CPU.Build.0 = Release|Any CPU
	EndGlobalSection
	GlobalSection(SolutionProperties) = preSolution
		HideSolutionNode = FALSE
	EndGlobalSection
	GlobalSection(NestedProjects) = preSolution
		{BB0C8A39-0297-283E-4DA7-5A6041CFEA57} = {6C73FEB4-E535-71E5-6986-7B701D6B7B03}
	EndGlobalSection
	GlobalSection(ExtensibilityGlobals) = postSolution
		SolutionGuid = {B473B80F-4F92-41E9-9376-8748FDA5B976}
	EndGlobalSection
EndGlobal
